
Microsoft Visual Studio Solution File, Format Version 12.00
Project("{FAE04EC0-301F-11D3-BF4B-00C04F79EFBC}") = "AWSConfig.Api", "AWSConfig.Api\AWSConfig.Api.csproj", "{22D6A239-6061-4178-A0EC-4194A11034A4}"
EndProject
Global
	GlobalSection(SolutionConfigurationPlatforms) = preSolution
		Debug|Any CPU = Debug|Any CPU
		Release|Any CPU = Release|Any CPU
	EndGlobalSection
	GlobalSection(ProjectConfigurationPlatforms) = postSolution
		{22D6A239-6061-4178-A0EC-4194A11034A4}.Debug|Any CPU.ActiveCfg = Debug|Any CPU
		{22D6A239-6061-4178-A0EC-4194A11034A4}.Debug|Any CPU.Build.0 = Debug|Any CPU
		{22D6A239-6061-4178-A0EC-4194A11034A4}.Release|Any CPU.ActiveCfg = Release|Any CPU
		{22D6A239-6061-4178-A0EC-4194A11034A4}.Release|Any CPU.Build.0 = Release|Any CPU
	EndGlobalSection
EndGlobal
